
Microsoft Visual Studio Solution File, Format Version 12.00
# Visual Studio 14
VisualStudioVersion = 14.0.23107.0
MinimumVisualStudioVersion = 10.0.40219.1
Project("{FAE04EC0-301F-11D3-BF4B-00C04F79EFBC}") = "FolderManagement", "FolderManagement\FolderManagement.csproj", "{258738F2-037C-46EB-ABC5-453E6D098EA3}"
EndProject
Project("{FAE04EC0-301F-11D3-BF4B-00C04F79EFBC}") = "EasyAnalysis", "EasyAnalysis\EasyAnalysis.csproj", "{206942C1-B7EB-4D7E-AC40-0BB3FBC58C8B}"
EndProject
Project("{FAE04EC0-301F-11D3-BF4B-00C04F79EFBC}") = "ThreadDiscovery", "ThreadDiscovery\ThreadDiscovery.csproj", "{61401A85-9EA4-4ADA-8128-8B0DA717F29C}"
EndProject
Project("{FAE04EC0-301F-11D3-BF4B-00C04F79EFBC}") = "WebCache", "WebCache\WebCache.csproj", "{B42E401F-B107-46B3-9B83-2E6413B17172}"
EndProject
Project("{FAE04EC0-301F-11D3-BF4B-00C04F79EFBC}") = "ContentAnalyze", "ContentAnalyze\ContentAnalyze.csproj", "{9CEBB9A9-5ABD-4DC7-80C6-E497EB55AC40}"
EndProject
Project("{FAE04EC0-301F-11D3-BF4B-00C04F79EFBC}") = "MongoDBAnalysis", "MongoDBAnalysis\MongoDBAnalysis.csproj", "{69166CF7-0861-40D1-8C23-667EB999406E}"
EndProject
Project("{FAE04EC0-301F-11D3-BF4B-00C04F79EFBC}") = "JsonFileSplitter", "JsonFileSplitter\JsonFileSplitter.csproj", "{18D03820-78FC-4140-AF93-FC722FEA14FD}"
EndProject
Project("{FAE04EC0-301F-11D3-BF4B-00C04F79EFBC}") = "EasyAnalysis.Repository", "EasyAnalysis.Repository\EasyAnalysis.Repository.csproj", "{CB49D11B-8684-4158-967E-3A89FCC1B089}"
EndProject
Project("{FAE04EC0-301F-11D3-BF4B-00C04F79EFBC}") = "EasyAnalysis.Models", "EasyAnalysis.Models\EasyAnalysis.Models.csproj", "{2E1B9307-25E2-4DF0-A209-7FCDD78B4046}"
EndProject
Project("{FAE04EC0-301F-11D3-BF4B-00C04F79EFBC}") = "EasyAnalysis.Backend", "EasyAnalysis.Backend\EasyAnalysis.Backend.csproj", "{38F70724-45B4-46F3-8AE4-AFC67A3B4915}"
EndProject
Project("{FAE04EC0-301F-11D3-BF4B-00C04F79EFBC}") = "EasyAnalysis.Api", "EasyAnalysis.Api\EasyAnalysis.Api.csproj", "{94B5FAA1-70DF-4374-BC8E-843FE545DF85}"
EndProject
Project("{FAE04EC0-301F-11D3-BF4B-00C04F79EFBC}") = "EasyAnalysis.Framework", "EasyAnalysis.Framework\EasyAnalysis.Framework.csproj", "{F0FCA46C-CED4-4FBB-B8C2-7E82C9EF5810}"
EndProject
Global
	GlobalSection(SolutionConfigurationPlatforms) = preSolution
		Debug|Any CPU = Debug|Any CPU
		Release|Any CPU = Release|Any CPU
	EndGlobalSection
	GlobalSection(ProjectConfigurationPlatforms) = postSolution
		{258738F2-037C-46EB-ABC5-453E6D098EA3}.Debug|Any CPU.ActiveCfg = Debug|Any CPU
		{258738F2-037C-46EB-ABC5-453E6D098EA3}.Debug|Any CPU.Build.0 = Debug|Any CPU
		{258738F2-037C-46EB-ABC5-453E6D098EA3}.Release|Any CPU.ActiveCfg = Release|Any CPU
		{258738F2-037C-46EB-ABC5-453E6D098EA3}.Release|Any CPU.Build.0 = Release|Any CPU
		{206942C1-B7EB-4D7E-AC40-0BB3FBC58C8B}.Debug|Any CPU.ActiveCfg = Debug|Any CPU
		{206942C1-B7EB-4D7E-AC40-0BB3FBC58C8B}.Debug|Any CPU.Build.0 = Debug|Any CPU
		{206942C1-B7EB-4D7E-AC40-0BB3FBC58C8B}.Release|Any CPU.ActiveCfg = Release|Any CPU
		{206942C1-B7EB-4D7E-AC40-0BB3FBC58C8B}.Release|Any CPU.Build.0 = Release|Any CPU
		{61401A85-9EA4-4ADA-8128-8B0DA717F29C}.Debug|Any CPU.ActiveCfg = Debug|Any CPU
		{61401A85-9EA4-4ADA-8128-8B0DA717F29C}.Debug|Any CPU.Build.0 = Debug|Any CPU
		{61401A85-9EA4-4ADA-8128-8B0DA717F29C}.Release|Any CPU.ActiveCfg = Release|Any CPU
		{61401A85-9EA4-4ADA-8128-8B0DA717F29C}.Release|Any CPU.Build.0 = Release|Any CPU
		{B42E401F-B107-46B3-9B83-2E6413B17172}.Debug|Any CPU.ActiveCfg = Debug|Any CPU
		{B42E401F-B107-46B3-9B83-2E6413B17172}.Debug|Any CPU.Build.0 = Debug|Any CPU
		{B42E401F-B107-46B3-9B83-2E6413B17172}.Release|Any CPU.ActiveCfg = Release|Any CPU
		{B42E401F-B107-46B3-9B83-2E6413B17172}.Release|Any CPU.Build.0 = Release|Any CPU
		{9CEBB9A9-5ABD-4DC7-80C6-E497EB55AC40}.Debug|Any CPU.ActiveCfg = Debug|Any CPU
		{9CEBB9A9-5ABD-4DC7-80C6-E497EB55AC40}.Debug|Any CPU.Build.0 = Debug|Any CPU
		{9CEBB9A9-5ABD-4DC7-80C6-E497EB55AC40}.Release|Any CPU.ActiveCfg = Release|Any CPU
		{9CEBB9A9-5ABD-4DC7-80C6-E497EB55AC40}.Release|Any CPU.Build.0 = Release|Any CPU
		{69166CF7-0861-40D1-8C23-667EB999406E}.Debug|Any CPU.ActiveCfg = Debug|Any CPU
		{69166CF7-0861-40D1-8C23-667EB999406E}.Debug|Any CPU.Build.0 = Debug|Any CPU
		{69166CF7-0861-40D1-8C23-667EB999406E}.Release|Any CPU.ActiveCfg = Release|Any CPU
		{69166CF7-0861-40D1-8C23-667EB999406E}.Release|Any CPU.Build.0 = Release|Any CPU
		{18D03820-78FC-4140-AF93-FC722FEA14FD}.Debug|Any CPU.ActiveCfg = Debug|Any CPU
		{18D03820-78FC-4140-AF93-FC722FEA14FD}.Debug|Any CPU.Build.0 = Debug|Any CPU
		{18D03820-78FC-4140-AF93-FC722FEA14FD}.Release|Any CPU.ActiveCfg = Release|Any CPU
		{18D03820-78FC-4140-AF93-FC722FEA14FD}.Release|Any CPU.Build.0 = Release|Any CPU
		{CB49D11B-8684-4158-967E-3A89FCC1B089}.Debug|Any CPU.ActiveCfg = Debug|Any CPU
		{CB49D11B-8684-4158-967E-3A89FCC1B089}.Debug|Any CPU.Build.0 = Debug|Any CPU
		{CB49D11B-8684-4158-967E-3A89FCC1B089}.Release|Any CPU.ActiveCfg = Release|Any CPU
		{CB49D11B-8684-4158-967E-3A89FCC1B089}.Release|Any CPU.Build.0 = Release|Any CPU
		{2E1B9307-25E2-4DF0-A209-7FCDD78B4046}.Debug|Any CPU.ActiveCfg = Debug|Any CPU
		{2E1B9307-25E2-4DF0-A209-7FCDD78B4046}.Debug|Any CPU.Build.0 = Debug|Any CPU
		{2E1B9307-25E2-4DF0-A209-7FCDD78B4046}.Release|Any CPU.ActiveCfg = Release|Any CPU
		{2E1B9307-25E2-4DF0-A209-7FCDD78B4046}.Release|Any CPU.Build.0 = Release|Any CPU
		{38F70724-45B4-46F3-8AE4-AFC67A3B4915}.Debug|Any CPU.ActiveCfg = Debug|Any CPU
		{38F70724-45B4-46F3-8AE4-AFC67A3B4915}.Debug|Any CPU.Build.0 = Debug|Any CPU
		{38F70724-45B4-46F3-8AE4-AFC67A3B4915}.Release|Any CPU.ActiveCfg = Release|Any CPU
		{38F70724-45B4-46F3-8AE4-AFC67A3B4915}.Release|Any CPU.Build.0 = Release|Any CPU
		{94B5FAA1-70DF-4374-BC8E-843FE545DF85}.Debug|Any CPU.ActiveCfg = Debug|Any CPU
		{94B5FAA1-70DF-4374-BC8E-843FE545DF85}.Debug|Any CPU.Build.0 = Debug|Any CPU
		{94B5FAA1-70DF-4374-BC8E-843FE545DF85}.Release|Any CPU.ActiveCfg = Release|Any CPU
		{94B5FAA1-70DF-4374-BC8E-843FE545DF85}.Release|Any CPU.Build.0 = Release|Any CPU
		{F0FCA46C-CED4-4FBB-B8C2-7E82C9EF5810}.Debug|Any CPU.ActiveCfg = Debug|Any CPU
		{F0FCA46C-CED4-4FBB-B8C2-7E82C9EF5810}.Debug|Any CPU.Build.0 = Debug|Any CPU
		{F0FCA46C-CED4-4FBB-B8C2-7E82C9EF5810}.Release|Any CPU.ActiveCfg = Release|Any CPU
		{F0FCA46C-CED4-4FBB-B8C2-7E82C9EF5810}.Release|Any CPU.Build.0 = Release|Any CPU
	EndGlobalSection
	GlobalSection(SolutionProperties) = preSolution
		HideSolutionNode = FALSE
	EndGlobalSection
EndGlobal
