
Microsoft Visual Studio Solution File, Format Version 12.00
# Visual Studio 14
VisualStudioVersion = 14.0.23107.0
MinimumVisualStudioVersion = 10.0.40219.1
Project("{FAE04EC0-301F-11D3-BF4B-00C04F79EFBC}") = "FolderManagement", "FolderManagement\FolderManagement.csproj", "{258738F2-037C-46EB-ABC5-453E6D098EA3}"
EndProject
Project("{FAE04EC0-301F-11D3-BF4B-00C04F79EFBC}") = "EasyAnalysis", "EasyAnalysis\EasyAnalysis.csproj", "{206942C1-B7EB-4D7E-AC40-0BB3FBC58C8B}"
EndProject
Project("{FAE04EC0-301F-11D3-BF4B-00C04F79EFBC}") = "ThreadDiscovery", "ThreadDiscovery\ThreadDiscovery.csproj", "{61401A85-9EA4-4ADA-8128-8B0DA717F29C}"
EndProject
Project("{FAE04EC0-301F-11D3-BF4B-00C04F79EFBC}") = "WebCache", "WebCache\WebCache.csproj", "{B42E401F-B107-46B3-9B83-2E6413B17172}"
EndProject
Global
	GlobalSection(SolutionConfigurationPlatforms) = preSolution
		Debug|Any CPU = Debug|Any CPU
		Release|Any CPU = Release|Any CPU
	EndGlobalSection
	GlobalSection(ProjectConfigurationPlatforms) = postSolution
		{258738F2-037C-46EB-ABC5-453E6D098EA3}.Debug|Any CPU.ActiveCfg = Debug|Any CPU
		{258738F2-037C-46EB-ABC5-453E6D098EA3}.Debug|Any CPU.Build.0 = Debug|Any CPU
		{258738F2-037C-46EB-ABC5-453E6D098EA3}.Release|Any CPU.ActiveCfg = Release|Any CPU
		{258738F2-037C-46EB-ABC5-453E6D098EA3}.Release|Any CPU.Build.0 = Release|Any CPU
		{206942C1-B7EB-4D7E-AC40-0BB3FBC58C8B}.Debug|Any CPU.ActiveCfg = Debug|Any CPU
		{206942C1-B7EB-4D7E-AC40-0BB3FBC58C8B}.Debug|Any CPU.Build.0 = Debug|Any CPU
		{206942C1-B7EB-4D7E-AC40-0BB3FBC58C8B}.Release|Any CPU.ActiveCfg = Release|Any CPU
		{206942C1-B7EB-4D7E-AC40-0BB3FBC58C8B}.Release|Any CPU.Build.0 = Release|Any CPU
		{61401A85-9EA4-4ADA-8128-8B0DA717F29C}.Debug|Any CPU.ActiveCfg = Debug|Any CPU
		{61401A85-9EA4-4ADA-8128-8B0DA717F29C}.Debug|Any CPU.Build.0 = Debug|Any CPU
		{61401A85-9EA4-4ADA-8128-8B0DA717F29C}.Release|Any CPU.ActiveCfg = Release|Any CPU
		{61401A85-9EA4-4ADA-8128-8B0DA717F29C}.Release|Any CPU.Build.0 = Release|Any CPU
		{B42E401F-B107-46B3-9B83-2E6413B17172}.Debug|Any CPU.ActiveCfg = Debug|Any CPU
		{B42E401F-B107-46B3-9B83-2E6413B17172}.Debug|Any CPU.Build.0 = Debug|Any CPU
		{B42E401F-B107-46B3-9B83-2E6413B17172}.Release|Any CPU.ActiveCfg = Release|Any CPU
		{B42E401F-B107-46B3-9B83-2E6413B17172}.Release|Any CPU.Build.0 = Release|Any CPU
	EndGlobalSection
	GlobalSection(SolutionProperties) = preSolution
		HideSolutionNode = FALSE
	EndGlobalSection
EndGlobal
